// !$*UTF8*$!
{
	archiveVersion = 1;
	classes = {
	};
	objectVersion = 46;
	objects = {

/* Begin PBXBuildFile section */
		AD1348CF1E6077A100840214 /* PreferencesWindowController.swift in Sources */ = {isa = PBXBuildFile; fileRef = AD1348CD1E6077A100840214 /* PreferencesWindowController.swift */; };
		AD1348D01E6077A100840214 /* PreferencesWindowController.xib in Resources */ = {isa = PBXBuildFile; fileRef = AD1348CE1E6077A100840214 /* PreferencesWindowController.xib */; };
		AD1348D41E613B0600840214 /* PrefsGeneralViewController.swift in Sources */ = {isa = PBXBuildFile; fileRef = AD1348D21E613B0600840214 /* PrefsGeneralViewController.swift */; };
		AD1348D51E613B0600840214 /* PrefsGeneralViewController.xib in Resources */ = {isa = PBXBuildFile; fileRef = AD1348D31E613B0600840214 /* PrefsGeneralViewController.xib */; };
		AD1348D81E613B3A00840214 /* PrefsShortcutKeyViewController.swift in Sources */ = {isa = PBXBuildFile; fileRef = AD1348D61E613B3A00840214 /* PrefsShortcutKeyViewController.swift */; };
		AD1348D91E613B3A00840214 /* PrefsShortcutKeyViewController.xib in Resources */ = {isa = PBXBuildFile; fileRef = AD1348D71E613B3A00840214 /* PrefsShortcutKeyViewController.xib */; };
		AD1348DB1E61B7E400840214 /* Preferences.swift in Sources */ = {isa = PBXBuildFile; fileRef = AD1348DA1E61B7E400840214 /* Preferences.swift */; };
		AD1348DE1E61BB7300840214 /* AboutWindowController.swift in Sources */ = {isa = PBXBuildFile; fileRef = AD1348DC1E61BB7300840214 /* AboutWindowController.swift */; };
		AD1348DF1E61BB7300840214 /* AboutWindowController.xib in Resources */ = {isa = PBXBuildFile; fileRef = AD1348DD1E61BB7300840214 /* AboutWindowController.xib */; };
		AD1348E21E65545D00840214 /* ControlbarView.swift in Sources */ = {isa = PBXBuildFile; fileRef = AD1348E11E65545D00840214 /* ControlbarView.swift */; };
		AD15A8111E50441700E3245A /* AudioController.swift in Sources */ = {isa = PBXBuildFile; fileRef = AD15A8101E50441700E3245A /* AudioController.swift */; };
		AD15A8131E50442800E3245A /* AudioToolbox.framework in Frameworks */ = {isa = PBXBuildFile; fileRef = AD15A8121E50442800E3245A /* AudioToolbox.framework */; };
		AD25E55B1E476AB000415E8D /* libPHPlayerCore.dylib in Frameworks */ = {isa = PBXBuildFile; fileRef = AD25E55A1E476AB000415E8D /* libPHPlayerCore.dylib */; };
		AD284DBA1E2CE43300A15F31 /* AppDelegate.swift in Sources */ = {isa = PBXBuildFile; fileRef = AD284DB91E2CE43300A15F31 /* AppDelegate.swift */; };
		AD284DBC1E2CE43300A15F31 /* Assets.xcassets in Resources */ = {isa = PBXBuildFile; fileRef = AD284DBB1E2CE43300A15F31 /* Assets.xcassets */; };
		AD284DBF1E2CE43300A15F31 /* MainMenu.xib in Resources */ = {isa = PBXBuildFile; fileRef = AD284DBD1E2CE43300A15F31 /* MainMenu.xib */; };
		AD284DE01E2CFC0900A15F31 /* CPPWrapper.mm in Sources */ = {isa = PBXBuildFile; fileRef = AD284DDF1E2CFC0900A15F31 /* CPPWrapper.mm */; };
		ADE4A0051E4C54C7009D3AD7 /* VideoView.swift in Sources */ = {isa = PBXBuildFile; fileRef = ADE4A0041E4C54C7009D3AD7 /* VideoView.swift */; };
		ADE4A0071E4C5513009D3AD7 /* OpenGL.framework in Frameworks */ = {isa = PBXBuildFile; fileRef = ADE4A0061E4C5513009D3AD7 /* OpenGL.framework */; };
		ADE4A0091E4C6B18009D3AD7 /* MainWindowController.xib in Resources */ = {isa = PBXBuildFile; fileRef = ADE4A0081E4C6B18009D3AD7 /* MainWindowController.xib */; };
		ADE4A00B1E4C6B9A009D3AD7 /* MainWindowController.swift in Sources */ = {isa = PBXBuildFile; fileRef = ADE4A00A1E4C6B9A009D3AD7 /* MainWindowController.swift */; };
/* End PBXBuildFile section */

/* Begin PBXFileReference section */
		AD1348CD1E6077A100840214 /* PreferencesWindowController.swift */ = {isa = PBXFileReference; fileEncoding = 4; lastKnownFileType = sourcecode.swift; path = PreferencesWindowController.swift; sourceTree = "<group>"; };
		AD1348CE1E6077A100840214 /* PreferencesWindowController.xib */ = {isa = PBXFileReference; fileEncoding = 4; lastKnownFileType = file.xib; path = PreferencesWindowController.xib; sourceTree = "<group>"; };
		AD1348D21E613B0600840214 /* PrefsGeneralViewController.swift */ = {isa = PBXFileReference; fileEncoding = 4; lastKnownFileType = sourcecode.swift; path = PrefsGeneralViewController.swift; sourceTree = "<group>"; };
		AD1348D31E613B0600840214 /* PrefsGeneralViewController.xib */ = {isa = PBXFileReference; fileEncoding = 4; lastKnownFileType = file.xib; path = PrefsGeneralViewController.xib; sourceTree = "<group>"; };
		AD1348D61E613B3A00840214 /* PrefsShortcutKeyViewController.swift */ = {isa = PBXFileReference; fileEncoding = 4; lastKnownFileType = sourcecode.swift; path = PrefsShortcutKeyViewController.swift; sourceTree = "<group>"; };
		AD1348D71E613B3A00840214 /* PrefsShortcutKeyViewController.xib */ = {isa = PBXFileReference; fileEncoding = 4; lastKnownFileType = file.xib; path = PrefsShortcutKeyViewController.xib; sourceTree = "<group>"; };
		AD1348DA1E61B7E400840214 /* Preferences.swift */ = {isa = PBXFileReference; fileEncoding = 4; lastKnownFileType = sourcecode.swift; path = Preferences.swift; sourceTree = "<group>"; };
		AD1348DC1E61BB7300840214 /* AboutWindowController.swift */ = {isa = PBXFileReference; fileEncoding = 4; lastKnownFileType = sourcecode.swift; path = AboutWindowController.swift; sourceTree = "<group>"; };
		AD1348DD1E61BB7300840214 /* AboutWindowController.xib */ = {isa = PBXFileReference; fileEncoding = 4; lastKnownFileType = file.xib; path = AboutWindowController.xib; sourceTree = "<group>"; };
		AD1348E11E65545D00840214 /* ControlbarView.swift */ = {isa = PBXFileReference; fileEncoding = 4; lastKnownFileType = sourcecode.swift; path = ControlbarView.swift; sourceTree = "<group>"; };
		AD15A8101E50441700E3245A /* AudioController.swift */ = {isa = PBXFileReference; fileEncoding = 4; lastKnownFileType = sourcecode.swift; path = AudioController.swift; sourceTree = "<group>"; };
		AD15A8121E50442800E3245A /* AudioToolbox.framework */ = {isa = PBXFileReference; lastKnownFileType = wrapper.framework; name = AudioToolbox.framework; path = System/Library/Frameworks/AudioToolbox.framework; sourceTree = SDKROOT; };
		AD25E55A1E476AB000415E8D /* libPHPlayerCore.dylib */ = {isa = PBXFileReference; lastKnownFileType = "compiled.mach-o.dylib"; name = libPHPlayerCore.dylib; path = "../../../../../Library/Developer/Xcode/DerivedData/PHPlayer-eduvxblpmmuqsnghgyqnmsxhgvac/Build/Products/Debug/libPHPlayerCore.dylib"; sourceTree = "<group>"; };
		AD284DB61E2CE43300A15F31 /* PHPlayer.app */ = {isa = PBXFileReference; explicitFileType = wrapper.application; includeInIndex = 0; path = PHPlayer.app; sourceTree = BUILT_PRODUCTS_DIR; };
		AD284DB91E2CE43300A15F31 /* AppDelegate.swift */ = {isa = PBXFileReference; lastKnownFileType = sourcecode.swift; path = AppDelegate.swift; sourceTree = "<group>"; };
		AD284DBB1E2CE43300A15F31 /* Assets.xcassets */ = {isa = PBXFileReference; lastKnownFileType = folder.assetcatalog; path = Assets.xcassets; sourceTree = "<group>"; };
		AD284DBE1E2CE43300A15F31 /* Base */ = {isa = PBXFileReference; lastKnownFileType = file.xib; name = Base; path = Base.lproj/MainMenu.xib; sourceTree = "<group>"; };
		AD284DC01E2CE43300A15F31 /* Info.plist */ = {isa = PBXFileReference; lastKnownFileType = text.plist.xml; path = Info.plist; sourceTree = "<group>"; };
		AD284DDE1E2CFC0900A15F31 /* PHPlayer-Bridging-Header.h */ = {isa = PBXFileReference; lastKnownFileType = sourcecode.c.h; path = "PHPlayer-Bridging-Header.h"; sourceTree = "<group>"; };
		AD284DDF1E2CFC0900A15F31 /* CPPWrapper.mm */ = {isa = PBXFileReference; fileEncoding = 4; lastKnownFileType = sourcecode.cpp.objcpp; path = CPPWrapper.mm; sourceTree = "<group>"; };
		AD284DE11E2CFD1C00A15F31 /* cppwrapper.h */ = {isa = PBXFileReference; lastKnownFileType = sourcecode.c.h; path = cppwrapper.h; sourceTree = "<group>"; };
		ADE4A0041E4C54C7009D3AD7 /* VideoView.swift */ = {isa = PBXFileReference; fileEncoding = 4; lastKnownFileType = sourcecode.swift; path = VideoView.swift; sourceTree = "<group>"; };
		ADE4A0061E4C5513009D3AD7 /* OpenGL.framework */ = {isa = PBXFileReference; lastKnownFileType = wrapper.framework; name = OpenGL.framework; path = System/Library/Frameworks/OpenGL.framework; sourceTree = SDKROOT; };
		ADE4A0081E4C6B18009D3AD7 /* MainWindowController.xib */ = {isa = PBXFileReference; fileEncoding = 4; lastKnownFileType = file.xib; path = MainWindowController.xib; sourceTree = "<group>"; };
		ADE4A00A1E4C6B9A009D3AD7 /* MainWindowController.swift */ = {isa = PBXFileReference; fileEncoding = 4; lastKnownFileType = sourcecode.swift; path = MainWindowController.swift; sourceTree = "<group>"; };
/* End PBXFileReference section */

/* Begin PBXFrameworksBuildPhase section */
		AD284DB31E2CE43300A15F31 /* Frameworks */ = {
			isa = PBXFrameworksBuildPhase;
			buildActionMask = 2147483647;
			files = (
				AD15A8131E50442800E3245A /* AudioToolbox.framework in Frameworks */,
				ADE4A0071E4C5513009D3AD7 /* OpenGL.framework in Frameworks */,
				AD25E55B1E476AB000415E8D /* libPHPlayerCore.dylib in Frameworks */,
			);
			runOnlyForDeploymentPostprocessing = 0;
		};
/* End PBXFrameworksBuildPhase section */

/* Begin PBXGroup section */
		AD1348D11E613A5C00840214 /* Prefs */ = {
			isa = PBXGroup;
			children = (
				AD1348CD1E6077A100840214 /* PreferencesWindowController.swift */,
				AD1348CE1E6077A100840214 /* PreferencesWindowController.xib */,
				AD1348D21E613B0600840214 /* PrefsGeneralViewController.swift */,
				AD1348D31E613B0600840214 /* PrefsGeneralViewController.xib */,
				AD1348D61E613B3A00840214 /* PrefsShortcutKeyViewController.swift */,
				AD1348D71E613B3A00840214 /* PrefsShortcutKeyViewController.xib */,
				AD1348DA1E61B7E400840214 /* Preferences.swift */,
			);
			name = Prefs;
			sourceTree = "<group>";
		};
		AD1348E01E65541700840214 /* views */ = {
			isa = PBXGroup;
			children = (
				AD1348E11E65545D00840214 /* ControlbarView.swift */,
			);
			name = views;
			sourceTree = "<group>";
		};
		AD284DAD1E2CE43300A15F31 = {
			isa = PBXGroup;
			children = (
				AD284DDD1E2CFBAD00A15F31 /* CPPWrapper */,
				AD284DB81E2CE43300A15F31 /* PHPlayer */,
				AD284DB71E2CE43300A15F31 /* Products */,
				AD284DE51E2D043000A15F31 /* Frameworks */,
			);
			sourceTree = "<group>";
		};
		AD284DB71E2CE43300A15F31 /* Products */ = {
			isa = PBXGroup;
			children = (
				AD284DB61E2CE43300A15F31 /* PHPlayer.app */,
			);
			name = Products;
			sourceTree = "<group>";
		};
		AD284DB81E2CE43300A15F31 /* PHPlayer */ = {
			isa = PBXGroup;
			children = (
				AD1348E01E65541700840214 /* views */,
				AD1348D11E613A5C00840214 /* Prefs */,
				AD284DB91E2CE43300A15F31 /* AppDelegate.swift */,
				AD284DBB1E2CE43300A15F31 /* Assets.xcassets */,
				AD284DBD1E2CE43300A15F31 /* MainMenu.xib */,
				AD284DC01E2CE43300A15F31 /* Info.plist */,
				ADE4A0041E4C54C7009D3AD7 /* VideoView.swift */,
				ADE4A0081E4C6B18009D3AD7 /* MainWindowController.xib */,
				ADE4A00A1E4C6B9A009D3AD7 /* MainWindowController.swift */,
				AD15A8101E50441700E3245A /* AudioController.swift */,
				AD1348DC1E61BB7300840214 /* AboutWindowController.swift */,
				AD1348DD1E61BB7300840214 /* AboutWindowController.xib */,
			);
			path = PHPlayer;
			sourceTree = "<group>";
		};
		AD284DDD1E2CFBAD00A15F31 /* CPPWrapper */ = {
			isa = PBXGroup;
			children = (
				AD284DDF1E2CFC0900A15F31 /* CPPWrapper.mm */,
				AD284DDE1E2CFC0900A15F31 /* PHPlayer-Bridging-Header.h */,
				AD284DE11E2CFD1C00A15F31 /* cppwrapper.h */,
			);
			name = CPPWrapper;
			sourceTree = "<group>";
		};
		AD284DE51E2D043000A15F31 /* Frameworks */ = {
			isa = PBXGroup;
			children = (
				AD15A8121E50442800E3245A /* AudioToolbox.framework */,
				ADE4A0061E4C5513009D3AD7 /* OpenGL.framework */,
				AD25E55A1E476AB000415E8D /* libPHPlayerCore.dylib */,
			);
			name = Frameworks;
			sourceTree = "<group>";
		};
/* End PBXGroup section */

/* Begin PBXNativeTarget section */
		AD284DB51E2CE43300A15F31 /* PHPlayer */ = {
			isa = PBXNativeTarget;
			buildConfigurationList = AD284DC31E2CE43300A15F31 /* Build configuration list for PBXNativeTarget "PHPlayer" */;
			buildPhases = (
				AD284DB21E2CE43300A15F31 /* Sources */,
				AD284DB31E2CE43300A15F31 /* Frameworks */,
				AD284DB41E2CE43300A15F31 /* Resources */,
			);
			buildRules = (
			);
			dependencies = (
			);
			name = PHPlayer;
			productName = PHPlayer;
			productReference = AD284DB61E2CE43300A15F31 /* PHPlayer.app */;
			productType = "com.apple.product-type.application";
		};
/* End PBXNativeTarget section */

/* Begin PBXProject section */
		AD284DAE1E2CE43300A15F31 /* Project object */ = {
			isa = PBXProject;
			attributes = {
				LastSwiftUpdateCheck = 0810;
				LastUpgradeCheck = 0810;
				ORGANIZATIONNAME = huhexiang;
				TargetAttributes = {
					AD284DB51E2CE43300A15F31 = {
						CreatedOnToolsVersion = 8.1;
						LastSwiftMigration = 0810;
						ProvisioningStyle = Automatic;
					};
				};
			};
			buildConfigurationList = AD284DB11E2CE43300A15F31 /* Build configuration list for PBXProject "PHPlayer" */;
			compatibilityVersion = "Xcode 3.2";
			developmentRegion = English;
			hasScannedForEncodings = 0;
			knownRegions = (
				en,
				Base,
			);
			mainGroup = AD284DAD1E2CE43300A15F31;
			productRefGroup = AD284DB71E2CE43300A15F31 /* Products */;
			projectDirPath = "";
			projectRoot = "";
			targets = (
				AD284DB51E2CE43300A15F31 /* PHPlayer */,
			);
		};
/* End PBXProject section */

/* Begin PBXResourcesBuildPhase section */
		AD284DB41E2CE43300A15F31 /* Resources */ = {
			isa = PBXResourcesBuildPhase;
			buildActionMask = 2147483647;
			files = (
				AD284DBC1E2CE43300A15F31 /* Assets.xcassets in Resources */,
				AD1348D51E613B0600840214 /* PrefsGeneralViewController.xib in Resources */,
				AD1348DF1E61BB7300840214 /* AboutWindowController.xib in Resources */,
				AD284DBF1E2CE43300A15F31 /* MainMenu.xib in Resources */,
				AD1348D01E6077A100840214 /* PreferencesWindowController.xib in Resources */,
				ADE4A0091E4C6B18009D3AD7 /* MainWindowController.xib in Resources */,
				AD1348D91E613B3A00840214 /* PrefsShortcutKeyViewController.xib in Resources */,
			);
			runOnlyForDeploymentPostprocessing = 0;
		};
/* End PBXResourcesBuildPhase section */

/* Begin PBXSourcesBuildPhase section */
		AD284DB21E2CE43300A15F31 /* Sources */ = {
			isa = PBXSourcesBuildPhase;
			buildActionMask = 2147483647;
			files = (
				AD1348CF1E6077A100840214 /* PreferencesWindowController.swift in Sources */,
				AD1348DE1E61BB7300840214 /* AboutWindowController.swift in Sources */,
				ADE4A0051E4C54C7009D3AD7 /* VideoView.swift in Sources */,
				AD1348E21E65545D00840214 /* ControlbarView.swift in Sources */,
				AD284DBA1E2CE43300A15F31 /* AppDelegate.swift in Sources */,
				AD1348D81E613B3A00840214 /* PrefsShortcutKeyViewController.swift in Sources */,
				AD1348D41E613B0600840214 /* PrefsGeneralViewController.swift in Sources */,
				ADE4A00B1E4C6B9A009D3AD7 /* MainWindowController.swift in Sources */,
				AD284DE01E2CFC0900A15F31 /* CPPWrapper.mm in Sources */,
				AD1348DB1E61B7E400840214 /* Preferences.swift in Sources */,
				AD15A8111E50441700E3245A /* AudioController.swift in Sources */,
			);
			runOnlyForDeploymentPostprocessing = 0;
		};
/* End PBXSourcesBuildPhase section */

/* Begin PBXVariantGroup section */
		AD284DBD1E2CE43300A15F31 /* MainMenu.xib */ = {
			isa = PBXVariantGroup;
			children = (
				AD284DBE1E2CE43300A15F31 /* Base */,
			);
			name = MainMenu.xib;
			sourceTree = "<group>";
		};
/* End PBXVariantGroup section */

/* Begin XCBuildConfiguration section */
		AD284DC11E2CE43300A15F31 /* Debug */ = {
			isa = XCBuildConfiguration;
			buildSettings = {
				ALWAYS_SEARCH_USER_PATHS = NO;
				CLANG_ANALYZER_NONNULL = YES;
				CLANG_CXX_LANGUAGE_STANDARD = "gnu++0x";
				CLANG_CXX_LIBRARY = "libc++";
				CLANG_ENABLE_MODULES = YES;
				CLANG_ENABLE_OBJC_ARC = YES;
				CLANG_WARN_BOOL_CONVERSION = YES;
				CLANG_WARN_CONSTANT_CONVERSION = YES;
				CLANG_WARN_DIRECT_OBJC_ISA_USAGE = YES_ERROR;
				CLANG_WARN_DOCUMENTATION_COMMENTS = YES;
				CLANG_WARN_EMPTY_BODY = YES;
				CLANG_WARN_ENUM_CONVERSION = YES;
				CLANG_WARN_INFINITE_RECURSION = YES;
				CLANG_WARN_INT_CONVERSION = YES;
				CLANG_WARN_OBJC_ROOT_CLASS = YES_ERROR;
				CLANG_WARN_SUSPICIOUS_MOVES = YES;
				CLANG_WARN_UNREACHABLE_CODE = YES;
				CLANG_WARN__DUPLICATE_METHOD_MATCH = YES;
				CODE_SIGN_IDENTITY = "-";
				COPY_PHASE_STRIP = NO;
				DEBUG_INFORMATION_FORMAT = dwarf;
				ENABLE_STRICT_OBJC_MSGSEND = YES;
				ENABLE_TESTABILITY = YES;
				GCC_C_LANGUAGE_STANDARD = gnu99;
				GCC_DYNAMIC_NO_PIC = NO;
				GCC_NO_COMMON_BLOCKS = YES;
				GCC_OPTIMIZATION_LEVEL = 0;
				GCC_PREPROCESSOR_DEFINITIONS = (
					"DEBUG=1",
					"$(inherited)",
				);
				GCC_WARN_64_TO_32_BIT_CONVERSION = YES;
				GCC_WARN_ABOUT_RETURN_TYPE = YES_ERROR;
				GCC_WARN_UNDECLARED_SELECTOR = YES;
				GCC_WARN_UNINITIALIZED_AUTOS = YES_AGGRESSIVE;
				GCC_WARN_UNUSED_FUNCTION = YES;
				GCC_WARN_UNUSED_VARIABLE = YES;
				MACOSX_DEPLOYMENT_TARGET = 10.11;
				MTL_ENABLE_DEBUG_INFO = YES;
				ONLY_ACTIVE_ARCH = YES;
				SDKROOT = macosx;
				SWIFT_ACTIVE_COMPILATION_CONDITIONS = DEBUG;
				SWIFT_OPTIMIZATION_LEVEL = "-Onone";
			};
			name = Debug;
		};
		AD284DC21E2CE43300A15F31 /* Release */ = {
			isa = XCBuildConfiguration;
			buildSettings = {
				ALWAYS_SEARCH_USER_PATHS = NO;
				CLANG_ANALYZER_NONNULL = YES;
				CLANG_CXX_LANGUAGE_STANDARD = "gnu++0x";
				CLANG_CXX_LIBRARY = "libc++";
				CLANG_ENABLE_MODULES = YES;
				CLANG_ENABLE_OBJC_ARC = YES;
				CLANG_WARN_BOOL_CONVERSION = YES;
				CLANG_WARN_CONSTANT_CONVERSION = YES;
				CLANG_WARN_DIRECT_OBJC_ISA_USAGE = YES_ERROR;
				CLANG_WARN_DOCUMENTATION_COMMENTS = YES;
				CLANG_WARN_EMPTY_BODY = YES;
				CLANG_WARN_ENUM_CONVERSION = YES;
				CLANG_WARN_INFINITE_RECURSION = YES;
				CLANG_WARN_INT_CONVERSION = YES;
				CLANG_WARN_OBJC_ROOT_CLASS = YES_ERROR;
				CLANG_WARN_SUSPICIOUS_MOVES = YES;
				CLANG_WARN_UNREACHABLE_CODE = YES;
				CLANG_WARN__DUPLICATE_METHOD_MATCH = YES;
				CODE_SIGN_IDENTITY = "-";
				COPY_PHASE_STRIP = NO;
				DEBUG_INFORMATION_FORMAT = "dwarf-with-dsym";
				ENABLE_NS_ASSERTIONS = NO;
				ENABLE_STRICT_OBJC_MSGSEND = YES;
				GCC_C_LANGUAGE_STANDARD = gnu99;
				GCC_NO_COMMON_BLOCKS = YES;
				GCC_WARN_64_TO_32_BIT_CONVERSION = YES;
				GCC_WARN_ABOUT_RETURN_TYPE = YES_ERROR;
				GCC_WARN_UNDECLARED_SELECTOR = YES;
				GCC_WARN_UNINITIALIZED_AUTOS = YES_AGGRESSIVE;
				GCC_WARN_UNUSED_FUNCTION = YES;
				GCC_WARN_UNUSED_VARIABLE = YES;
				MACOSX_DEPLOYMENT_TARGET = 10.11;
				MTL_ENABLE_DEBUG_INFO = NO;
				SDKROOT = macosx;
				SWIFT_OPTIMIZATION_LEVEL = "-Owholemodule";
			};
			name = Release;
		};
		AD284DC41E2CE43300A15F31 /* Debug */ = {
			isa = XCBuildConfiguration;
			buildSettings = {
				ASSETCATALOG_COMPILER_APPICON_NAME = AppIcon;
				CLANG_ENABLE_MODULES = YES;
				COMBINE_HIDPI_IMAGES = YES;
				HEADER_SEARCH_PATHS = "";
				"HEADER_SEARCH_PATHS[arch=*]" = "$(PROJECT_DIR)Core/PHPlayerCore";
				INFOPLIST_FILE = PHPlayer/Info.plist;
				LD_RUNPATH_SEARCH_PATHS = "$(inherited) @executable_path/../Frameworks";
				LIBRARY_SEARCH_PATHS = (
					"$(inherited)",
					"$(PROJECT_DIR)Core/build/Debug",
				);
				PRODUCT_BUNDLE_IDENTIFIER = com.pkhope.PHPlayer;
				PRODUCT_NAME = "$(TARGET_NAME)";
				SWIFT_OBJC_BRIDGING_HEADER = "PHPlayer-Bridging-Header.h";
				SWIFT_OPTIMIZATION_LEVEL = "-Onone";
				SWIFT_VERSION = 3.0;
			};
			name = Debug;
		};
		AD284DC51E2CE43300A15F31 /* Release */ = {
			isa = XCBuildConfiguration;
			buildSettings = {
				ASSETCATALOG_COMPILER_APPICON_NAME = AppIcon;
				CLANG_ENABLE_MODULES = YES;
				COMBINE_HIDPI_IMAGES = YES;
				HEADER_SEARCH_PATHS = "";
				INFOPLIST_FILE = PHPlayer/Info.plist;
				LD_RUNPATH_SEARCH_PATHS = "$(inherited) @executable_path/../Frameworks";
				LIBRARY_SEARCH_PATHS = (
					"$(inherited)",
					"$(PROJECT_DIR)Core/build/Debug",
				);
				PRODUCT_BUNDLE_IDENTIFIER = com.pkhope.PHPlayer;
				PRODUCT_NAME = "$(TARGET_NAME)";
				SWIFT_OBJC_BRIDGING_HEADER = "PHPlayer-Bridging-Header.h";
				SWIFT_VERSION = 3.0;
			};
			name = Release;
		};
/* End XCBuildConfiguration section */

/* Begin XCConfigurationList section */
		AD284DB11E2CE43300A15F31 /* Build configuration list for PBXProject "PHPlayer" */ = {
			isa = XCConfigurationList;
			buildConfigurations = (
				AD284DC11E2CE43300A15F31 /* Debug */,
				AD284DC21E2CE43300A15F31 /* Release */,
			);
			defaultConfigurationIsVisible = 0;
			defaultConfigurationName = Release;
		};
		AD284DC31E2CE43300A15F31 /* Build configuration list for PBXNativeTarget "PHPlayer" */ = {
			isa = XCConfigurationList;
			buildConfigurations = (
				AD284DC41E2CE43300A15F31 /* Debug */,
				AD284DC51E2CE43300A15F31 /* Release */,
			);
			defaultConfigurationIsVisible = 0;
			defaultConfigurationName = Release;
		};
/* End XCConfigurationList section */
	};
	rootObject = AD284DAE1E2CE43300A15F31 /* Project object */;
}
